
Microsoft Visual Studio Solution File, Format Version 12.00
# Visual Studio Version 17
VisualStudioVersion = 17.13.35825.156 d17.13
MinimumVisualStudioVersion = 10.0.40219.1
Project("{FAE04EC0-301F-11D3-BF4B-00C04F79EFBC}") = "uai-poo-actividad-integradora-2", "uai-poo-actividad-integradora-2.csproj", "{5CBFDA2E-25DD-46F0-8A3E-F4B504B3AB0E}"
EndProject
Global
	GlobalSection(SolutionConfigurationPlatforms) = preSolution
		Debug|Any CPU = Debug|Any CPU
		Release|Any CPU = Release|Any CPU
	EndGlobalSection
	GlobalSection(ProjectConfigurationPlatforms) = postSolution
		{5CBFDA2E-25DD-46F0-8A3E-F4B504B3AB0E}.Debug|Any CPU.ActiveCfg = Debug|Any CPU
		{5CBFDA2E-25DD-46F0-8A3E-F4B504B3AB0E}.Debug|Any CPU.Build.0 = Debug|Any CPU
		{5CBFDA2E-25DD-46F0-8A3E-F4B504B3AB0E}.Release|Any CPU.ActiveCfg = Release|Any CPU
		{5CBFDA2E-25DD-46F0-8A3E-F4B504B3AB0E}.Release|Any CPU.Build.0 = Release|Any CPU
	EndGlobalSection
	GlobalSection(SolutionProperties) = preSolution
		HideSolutionNode = FALSE
	EndGlobalSection
	GlobalSection(ExtensibilityGlobals) = postSolution
		SolutionGuid = {FC27B559-C7FB-4F81-B33C-4DBE3EC9ABA3}
	EndGlobalSection
EndGlobal
